
Microsoft Visual Studio Solution File, Format Version 12.00
# Visual Studio Version 17
VisualStudioVersion = 17.12.35527.113 d17.12
MinimumVisualStudioVersion = 10.0.40219.1
Project("{FAE04EC0-301F-11D3-BF4B-00C04F79EFBC}") = "MySolution", "MySolution.csproj", "{4A4D93D4-B1DC-4581-BF07-A90458AE1B04}"
EndProject
Project("{FAE04EC0-301F-11D3-BF4B-00C04F79EFBC}") = "ProjectA", "..\ProjectA\ProjectA.csproj", "{74874F40-4E00-499A-86EE-34C823AFEB5F}"
EndProject
Project("{FAE04EC0-301F-11D3-BF4B-00C04F79EFBC}") = "ProjectB", "..\ProjectB\ProjectB.csproj", "{7D4678B3-FEE3-4D4C-AE2F-F3CE52226A4F}"
EndProject
Global
	GlobalSection(SolutionConfigurationPlatforms) = preSolution
		Debug|Any CPU = Debug|Any CPU
		Release|Any CPU = Release|Any CPU
	EndGlobalSection
	GlobalSection(ProjectConfigurationPlatforms) = postSolution
		{4A4D93D4-B1DC-4581-BF07-A90458AE1B04}.Debug|Any CPU.ActiveCfg = Debug|Any CPU
		{4A4D93D4-B1DC-4581-BF07-A90458AE1B04}.Debug|Any CPU.Build.0 = Debug|Any CPU
		{4A4D93D4-B1DC-4581-BF07-A90458AE1B04}.Release|Any CPU.ActiveCfg = Release|Any CPU
		{4A4D93D4-B1DC-4581-BF07-A90458AE1B04}.Release|Any CPU.Build.0 = Release|Any CPU
		{74874F40-4E00-499A-86EE-34C823AFEB5F}.Debug|Any CPU.ActiveCfg = Debug|Any CPU
		{74874F40-4E00-499A-86EE-34C823AFEB5F}.Debug|Any CPU.Build.0 = Debug|Any CPU
		{74874F40-4E00-499A-86EE-34C823AFEB5F}.Release|Any CPU.ActiveCfg = Release|Any CPU
		{74874F40-4E00-499A-86EE-34C823AFEB5F}.Release|Any CPU.Build.0 = Release|Any CPU
		{7D4678B3-FEE3-4D4C-AE2F-F3CE52226A4F}.Debug|Any CPU.ActiveCfg = Debug|Any CPU
		{7D4678B3-FEE3-4D4C-AE2F-F3CE52226A4F}.Debug|Any CPU.Build.0 = Debug|Any CPU
		{7D4678B3-FEE3-4D4C-AE2F-F3CE52226A4F}.Release|Any CPU.ActiveCfg = Release|Any CPU
		{7D4678B3-FEE3-4D4C-AE2F-F3CE52226A4F}.Release|Any CPU.Build.0 = Release|Any CPU
	EndGlobalSection
	GlobalSection(SolutionProperties) = preSolution
		HideSolutionNode = FALSE
	EndGlobalSection
EndGlobal
